{
  "lockfileVersion": 1,
  "workspaces": {
    "": {
      "name": "agent-webapp",
      "dependencies": {
        "@agentuity/sdk": "^0.0.121",
        "@ai-sdk/groq": "^1.2.9",
        "@ai-sdk/openai": "^1.3.22",
        "ai": "^4.3.16",
      },
      "devDependencies": {
        "@biomejs/biome": "^1.9.4",
        "@types/bun": "^1.2.15",
      },
      "peerDependencies": {
        "typescript": "^5",
      },
    },
  },
  "packages": {
    "@agentuity/sdk": ["@agentuity/sdk@0.0.121", "", { "dependencies": { "@opentelemetry/api": "^1.9.0", "@opentelemetry/api-logs": "^0.57.2", "@opentelemetry/auto-instrumentations-node": "^0.56.1", "@opentelemetry/core": "^1.21.0", "@opentelemetry/exporter-logs-otlp-http": "^0.57.2", "@opentelemetry/exporter-metrics-otlp-http": "^0.57.2", "@opentelemetry/exporter-trace-otlp-http": "^0.57.2", "@opentelemetry/host-metrics": "^0.35.5", "@opentelemetry/resources": "^1.30.1", "@opentelemetry/sdk-logs": "^0.57.2", "@opentelemetry/sdk-metrics": "^1.30.1", "@opentelemetry/sdk-node": "^0.57.2", "@opentelemetry/semantic-conventions": "^1.30.0", "js-yaml": "^4.1.0", "mailparser": "^3.7.3", "nodemailer": "^7.0.3" }, "peerDependencies": { "typescript": "^5" } }, "sha512-vs140/UGT+ai8Kpn9t5VGc0VbBiuwbB38nr5ewpL7e5nyW3Vkn1CiRvXWrmefLoO4Gd7G+M+fjADnW1uZMf0nw=="],

    "@ai-sdk/groq": ["@ai-sdk/groq@1.2.9", "", { "dependencies": { "@ai-sdk/provider": "1.1.3", "@ai-sdk/provider-utils": "2.2.8" }, "peerDependencies": { "zod": "^3.0.0" } }, "sha512-7MoDaxm8yWtiRbD1LipYZG0kBl+Xe0sv/EeyxnHnGPZappXdlgtdOgTZVjjXkT3nWP30jjZi9A45zoVrBMb3Xg=="],

    "@ai-sdk/openai": ["@ai-sdk/openai@1.3.22", "", { "dependencies": { "@ai-sdk/provider": "1.1.3", "@ai-sdk/provider-utils": "2.2.8" }, "peerDependencies": { "zod": "^3.0.0" } }, "sha512-QwA+2EkG0QyjVR+7h6FE7iOu2ivNqAVMm9UJZkVxxTk5OIq5fFJDTEI/zICEMuHImTTXR2JjsL6EirJ28Jc4cw=="],

    "@ai-sdk/provider": ["@ai-sdk/provider@1.1.3", "", { "dependencies": { "json-schema": "^0.4.0" } }, ""],

    "@ai-sdk/provider-utils": ["@ai-sdk/provider-utils@2.2.8", "", { "dependencies": { "@ai-sdk/provider": "1.1.3", "nanoid": "^3.3.8", "secure-json-parse": "^2.7.0" }, "peerDependencies": { "zod": "^3.23.8" } }, ""],

    "@ai-sdk/react": ["@ai-sdk/react@1.2.12", "", { "dependencies": { "@ai-sdk/provider-utils": "2.2.8", "@ai-sdk/ui-utils": "1.2.11", "swr": "^2.2.5", "throttleit": "2.1.0" }, "peerDependencies": { "react": "^18 || ^19 || ^19.0.0-rc", "zod": "^3.23.8" } }, ""],

    "@ai-sdk/ui-utils": ["@ai-sdk/ui-utils@1.2.11", "", { "dependencies": { "@ai-sdk/provider": "1.1.3", "@ai-sdk/provider-utils": "2.2.8", "zod-to-json-schema": "^3.24.1" }, "peerDependencies": { "zod": "^3.23.8" } }, ""],

    "@biomejs/biome": ["@biomejs/biome@1.9.4", "", { "optionalDependencies": { "@biomejs/cli-darwin-arm64": "1.9.4" }, "bin": { "biome": "bin/biome" } }, ""],

    "@biomejs/cli-darwin-arm64": ["@biomejs/cli-darwin-arm64@1.9.4", "", { "os": "darwin", "cpu": "arm64" }, ""],

    "@grpc/grpc-js": ["@grpc/grpc-js@1.13.4", "", { "dependencies": { "@grpc/proto-loader": "^0.7.13", "@js-sdsl/ordered-map": "^4.4.2" } }, ""],

    "@grpc/proto-loader": ["@grpc/proto-loader@0.7.15", "", { "dependencies": { "lodash.camelcase": "^4.3.0", "long": "^5.0.0", "protobufjs": "^7.2.5", "yargs": "^17.7.2" }, "bin": { "proto-loader-gen-types": "build/bin/proto-loader-gen-types.js" } }, ""],

    "@js-sdsl/ordered-map": ["@js-sdsl/ordered-map@4.4.2", "", {}, ""],

    "@opentelemetry/api": ["@opentelemetry/api@1.9.0", "", {}, ""],

    "@opentelemetry/api-logs": ["@opentelemetry/api-logs@0.57.2", "", { "dependencies": { "@opentelemetry/api": "^1.3.0" } }, ""],

    "@opentelemetry/auto-instrumentations-node": ["@opentelemetry/auto-instrumentations-node@0.56.1", "", { "dependencies": { "@opentelemetry/instrumentation": "^0.57.1", "@opentelemetry/instrumentation-amqplib": "^0.46.1", "@opentelemetry/instrumentation-aws-lambda": "^0.50.3", "@opentelemetry/instrumentation-aws-sdk": "^0.49.1", "@opentelemetry/instrumentation-bunyan": "^0.45.1", "@opentelemetry/instrumentation-cassandra-driver": "^0.45.1", "@opentelemetry/instrumentation-connect": "^0.43.1", "@opentelemetry/instrumentation-cucumber": "^0.14.1", "@opentelemetry/instrumentation-dataloader": "^0.16.1", "@opentelemetry/instrumentation-dns": "^0.43.1", "@opentelemetry/instrumentation-express": "^0.47.1", "@opentelemetry/instrumentation-fastify": "^0.44.2", "@opentelemetry/instrumentation-fs": "^0.19.1", "@opentelemetry/instrumentation-generic-pool": "^0.43.1", "@opentelemetry/instrumentation-graphql": "^0.47.1", "@opentelemetry/instrumentation-grpc": "^0.57.1", "@opentelemetry/instrumentation-hapi": "^0.45.2", "@opentelemetry/instrumentation-http": "^0.57.1", "@opentelemetry/instrumentation-ioredis": "^0.47.1", "@opentelemetry/instrumentation-kafkajs": "^0.7.1", "@opentelemetry/instrumentation-knex": "^0.44.1", "@opentelemetry/instrumentation-koa": "^0.47.1", "@opentelemetry/instrumentation-lru-memoizer": "^0.44.1", "@opentelemetry/instrumentation-memcached": "^0.43.1", "@opentelemetry/instrumentation-mongodb": "^0.52.0", "@opentelemetry/instrumentation-mongoose": "^0.46.1", "@opentelemetry/instrumentation-mysql": "^0.45.1", "@opentelemetry/instrumentation-mysql2": "^0.45.2", "@opentelemetry/instrumentation-nestjs-core": "^0.44.1", "@opentelemetry/instrumentation-net": "^0.43.1", "@opentelemetry/instrumentation-pg": "^0.51.1", "@opentelemetry/instrumentation-pino": "^0.46.1", "@opentelemetry/instrumentation-redis": "^0.46.1", "@opentelemetry/instrumentation-redis-4": "^0.46.1", "@opentelemetry/instrumentation-restify": "^0.45.1", "@opentelemetry/instrumentation-router": "^0.44.1", "@opentelemetry/instrumentation-socket.io": "^0.46.1", "@opentelemetry/instrumentation-tedious": "^0.18.1", "@opentelemetry/instrumentation-undici": "^0.10.1", "@opentelemetry/instrumentation-winston": "^0.44.1", "@opentelemetry/resource-detector-alibaba-cloud": "^0.30.1", "@opentelemetry/resource-detector-aws": "^1.12.0", "@opentelemetry/resource-detector-azure": "^0.6.1", "@opentelemetry/resource-detector-container": "^0.6.1", "@opentelemetry/resource-detector-gcp": "^0.33.1", "@opentelemetry/resources": "^1.24.0", "@opentelemetry/sdk-node": "^0.57.1" }, "peerDependencies": { "@opentelemetry/api": "^1.4.1" } }, ""],

    "@opentelemetry/context-async-hooks": ["@opentelemetry/context-async-hooks@1.30.1", "", { "peerDependencies": { "@opentelemetry/api": ">=1.0.0 <1.10.0" } }, ""],

    "@opentelemetry/core": ["@opentelemetry/core@1.30.1", "", { "dependencies": { "@opentelemetry/semantic-conventions": "1.28.0" }, "peerDependencies": { "@opentelemetry/api": ">=1.0.0 <1.10.0" } }, ""],

    "@opentelemetry/exporter-logs-otlp-grpc": ["@opentelemetry/exporter-logs-otlp-grpc@0.57.2", "", { "dependencies": { "@grpc/grpc-js": "^1.7.1", "@opentelemetry/core": "1.30.1", "@opentelemetry/otlp-exporter-base": "0.57.2", "@opentelemetry/otlp-grpc-exporter-base": "0.57.2", "@opentelemetry/otlp-transformer": "0.57.2", "@opentelemetry/sdk-logs": "0.57.2" }, "peerDependencies": { "@opentelemetry/api": "^1.3.0" } }, ""],

    "@opentelemetry/exporter-logs-otlp-http": ["@opentelemetry/exporter-logs-otlp-http@0.57.2", "", { "dependencies": { "@opentelemetry/api-logs": "0.57.2", "@opentelemetry/core": "1.30.1", "@opentelemetry/otlp-exporter-base": "0.57.2", "@opentelemetry/otlp-transformer": "0.57.2", "@opentelemetry/sdk-logs": "0.57.2" }, "peerDependencies": { "@opentelemetry/api": "^1.3.0" } }, ""],

    "@opentelemetry/exporter-logs-otlp-proto": ["@opentelemetry/exporter-logs-otlp-proto@0.57.2", "", { "dependencies": { "@opentelemetry/api-logs": "0.57.2", "@opentelemetry/core": "1.30.1", "@opentelemetry/otlp-exporter-base": "0.57.2", "@opentelemetry/otlp-transformer": "0.57.2", "@opentelemetry/resources": "1.30.1", "@opentelemetry/sdk-logs": "0.57.2", "@opentelemetry/sdk-trace-base": "1.30.1" }, "peerDependencies": { "@opentelemetry/api": "^1.3.0" } }, ""],

    "@opentelemetry/exporter-metrics-otlp-grpc": ["@opentelemetry/exporter-metrics-otlp-grpc@0.57.2", "", { "dependencies": { "@grpc/grpc-js": "^1.7.1", "@opentelemetry/core": "1.30.1", "@opentelemetry/exporter-metrics-otlp-http": "0.57.2", "@opentelemetry/otlp-exporter-base": "0.57.2", "@opentelemetry/otlp-grpc-exporter-base": "0.57.2", "@opentelemetry/otlp-transformer": "0.57.2", "@opentelemetry/resources": "1.30.1", "@opentelemetry/sdk-metrics": "1.30.1" }, "peerDependencies": { "@opentelemetry/api": "^1.3.0" } }, ""],

    "@opentelemetry/exporter-metrics-otlp-http": ["@opentelemetry/exporter-metrics-otlp-http@0.57.2", "", { "dependencies": { "@opentelemetry/core": "1.30.1", "@opentelemetry/otlp-exporter-base": "0.57.2", "@opentelemetry/otlp-transformer": "0.57.2", "@opentelemetry/resources": "1.30.1", "@opentelemetry/sdk-metrics": "1.30.1" }, "peerDependencies": { "@opentelemetry/api": "^1.3.0" } }, ""],

    "@opentelemetry/exporter-metrics-otlp-proto": ["@opentelemetry/exporter-metrics-otlp-proto@0.57.2", "", { "dependencies": { "@opentelemetry/core": "1.30.1", "@opentelemetry/exporter-metrics-otlp-http": "0.57.2", "@opentelemetry/otlp-exporter-base": "0.57.2", "@opentelemetry/otlp-transformer": "0.57.2", "@opentelemetry/resources": "1.30.1", "@opentelemetry/sdk-metrics": "1.30.1" }, "peerDependencies": { "@opentelemetry/api": "^1.3.0" } }, ""],

    "@opentelemetry/exporter-prometheus": ["@opentelemetry/exporter-prometheus@0.57.2", "", { "dependencies": { "@opentelemetry/core": "1.30.1", "@opentelemetry/resources": "1.30.1", "@opentelemetry/sdk-metrics": "1.30.1" }, "peerDependencies": { "@opentelemetry/api": "^1.3.0" } }, ""],

    "@opentelemetry/exporter-trace-otlp-grpc": ["@opentelemetry/exporter-trace-otlp-grpc@0.57.2", "", { "dependencies": { "@grpc/grpc-js": "^1.7.1", "@opentelemetry/core": "1.30.1", "@opentelemetry/otlp-exporter-base": "0.57.2", "@opentelemetry/otlp-grpc-exporter-base": "0.57.2", "@opentelemetry/otlp-transformer": "0.57.2", "@opentelemetry/resources": "1.30.1", "@opentelemetry/sdk-trace-base": "1.30.1" }, "peerDependencies": { "@opentelemetry/api": "^1.3.0" } }, ""],

    "@opentelemetry/exporter-trace-otlp-http": ["@opentelemetry/exporter-trace-otlp-http@0.57.2", "", { "dependencies": { "@opentelemetry/core": "1.30.1", "@opentelemetry/otlp-exporter-base": "0.57.2", "@opentelemetry/otlp-transformer": "0.57.2", "@opentelemetry/resources": "1.30.1", "@opentelemetry/sdk-trace-base": "1.30.1" }, "peerDependencies": { "@opentelemetry/api": "^1.3.0" } }, ""],

    "@opentelemetry/exporter-trace-otlp-proto": ["@opentelemetry/exporter-trace-otlp-proto@0.57.2", "", { "dependencies": { "@opentelemetry/core": "1.30.1", "@opentelemetry/otlp-exporter-base": "0.57.2", "@opentelemetry/otlp-transformer": "0.57.2", "@opentelemetry/resources": "1.30.1", "@opentelemetry/sdk-trace-base": "1.30.1" }, "peerDependencies": { "@opentelemetry/api": "^1.3.0" } }, ""],

    "@opentelemetry/exporter-zipkin": ["@opentelemetry/exporter-zipkin@1.30.1", "", { "dependencies": { "@opentelemetry/core": "1.30.1", "@opentelemetry/resources": "1.30.1", "@opentelemetry/sdk-trace-base": "1.30.1", "@opentelemetry/semantic-conventions": "1.28.0" }, "peerDependencies": { "@opentelemetry/api": "^1.0.0" } }, ""],

    "@opentelemetry/host-metrics": ["@opentelemetry/host-metrics@0.35.5", "", { "dependencies": { "systeminformation": "5.23.8" }, "peerDependencies": { "@opentelemetry/api": "^1.3.0" } }, ""],

    "@opentelemetry/instrumentation": ["@opentelemetry/instrumentation@0.57.2", "", { "dependencies": { "@opentelemetry/api-logs": "0.57.2", "@types/shimmer": "^1.2.0", "import-in-the-middle": "^1.8.1", "require-in-the-middle": "^7.1.1", "semver": "^7.5.2", "shimmer": "^1.2.1" }, "peerDependencies": { "@opentelemetry/api": "^1.3.0" } }, ""],

    "@opentelemetry/instrumentation-amqplib": ["@opentelemetry/instrumentation-amqplib@0.46.1", "", { "dependencies": { "@opentelemetry/core": "^1.8.0", "@opentelemetry/instrumentation": "^0.57.1", "@opentelemetry/semantic-conventions": "^1.27.0" }, "peerDependencies": { "@opentelemetry/api": "^1.3.0" } }, ""],

    "@opentelemetry/instrumentation-aws-lambda": ["@opentelemetry/instrumentation-aws-lambda@0.50.3", "", { "dependencies": { "@opentelemetry/instrumentation": "^0.57.1", "@opentelemetry/semantic-conventions": "^1.27.0", "@types/aws-lambda": "8.10.147" }, "peerDependencies": { "@opentelemetry/api": "^1.3.0" } }, ""],

    "@opentelemetry/instrumentation-aws-sdk": ["@opentelemetry/instrumentation-aws-sdk@0.49.1", "", { "dependencies": { "@opentelemetry/core": "^1.8.0", "@opentelemetry/instrumentation": "^0.57.1", "@opentelemetry/propagation-utils": "^0.30.16", "@opentelemetry/semantic-conventions": "^1.27.0" }, "peerDependencies": { "@opentelemetry/api": "^1.3.0" } }, ""],

    "@opentelemetry/instrumentation-bunyan": ["@opentelemetry/instrumentation-bunyan@0.45.1", "", { "dependencies": { "@opentelemetry/api-logs": "^0.57.1", "@opentelemetry/instrumentation": "^0.57.1", "@types/bunyan": "1.8.11" }, "peerDependencies": { "@opentelemetry/api": "^1.3.0" } }, ""],

    "@opentelemetry/instrumentation-cassandra-driver": ["@opentelemetry/instrumentation-cassandra-driver@0.45.1", "", { "dependencies": { "@opentelemetry/instrumentation": "^0.57.1", "@opentelemetry/semantic-conventions": "^1.27.0" }, "peerDependencies": { "@opentelemetry/api": "^1.3.0" } }, ""],

    "@opentelemetry/instrumentation-connect": ["@opentelemetry/instrumentation-connect@0.43.1", "", { "dependencies": { "@opentelemetry/core": "^1.8.0", "@opentelemetry/instrumentation": "^0.57.1", "@opentelemetry/semantic-conventions": "^1.27.0", "@types/connect": "3.4.38" }, "peerDependencies": { "@opentelemetry/api": "^1.3.0" } }, ""],

    "@opentelemetry/instrumentation-cucumber": ["@opentelemetry/instrumentation-cucumber@0.14.1", "", { "dependencies": { "@opentelemetry/instrumentation": "^0.57.1", "@opentelemetry/semantic-conventions": "^1.27.0" }, "peerDependencies": { "@opentelemetry/api": "^1.0.0" } }, ""],

    "@opentelemetry/instrumentation-dataloader": ["@opentelemetry/instrumentation-dataloader@0.16.1", "", { "dependencies": { "@opentelemetry/instrumentation": "^0.57.1" }, "peerDependencies": { "@opentelemetry/api": "^1.3.0" } }, ""],

    "@opentelemetry/instrumentation-dns": ["@opentelemetry/instrumentation-dns@0.43.1", "", { "dependencies": { "@opentelemetry/instrumentation": "^0.57.1" }, "peerDependencies": { "@opentelemetry/api": "^1.3.0" } }, ""],

    "@opentelemetry/instrumentation-express": ["@opentelemetry/instrumentation-express@0.47.1", "", { "dependencies": { "@opentelemetry/core": "^1.8.0", "@opentelemetry/instrumentation": "^0.57.1", "@opentelemetry/semantic-conventions": "^1.27.0" }, "peerDependencies": { "@opentelemetry/api": "^1.3.0" } }, ""],

    "@opentelemetry/instrumentation-fastify": ["@opentelemetry/instrumentation-fastify@0.44.2", "", { "dependencies": { "@opentelemetry/core": "^1.8.0", "@opentelemetry/instrumentation": "^0.57.1", "@opentelemetry/semantic-conventions": "^1.27.0" }, "peerDependencies": { "@opentelemetry/api": "^1.3.0" } }, ""],

    "@opentelemetry/instrumentation-fs": ["@opentelemetry/instrumentation-fs@0.19.1", "", { "dependencies": { "@opentelemetry/core": "^1.8.0", "@opentelemetry/instrumentation": "^0.57.1" }, "peerDependencies": { "@opentelemetry/api": "^1.3.0" } }, ""],

    "@opentelemetry/instrumentation-generic-pool": ["@opentelemetry/instrumentation-generic-pool@0.43.1", "", { "dependencies": { "@opentelemetry/instrumentation": "^0.57.1" }, "peerDependencies": { "@opentelemetry/api": "^1.3.0" } }, ""],

    "@opentelemetry/instrumentation-graphql": ["@opentelemetry/instrumentation-graphql@0.47.1", "", { "dependencies": { "@opentelemetry/instrumentation": "^0.57.1" }, "peerDependencies": { "@opentelemetry/api": "^1.3.0" } }, ""],

    "@opentelemetry/instrumentation-grpc": ["@opentelemetry/instrumentation-grpc@0.57.2", "", { "dependencies": { "@opentelemetry/instrumentation": "0.57.2", "@opentelemetry/semantic-conventions": "1.28.0" }, "peerDependencies": { "@opentelemetry/api": "^1.3.0" } }, ""],

    "@opentelemetry/instrumentation-hapi": ["@opentelemetry/instrumentation-hapi@0.45.2", "", { "dependencies": { "@opentelemetry/core": "^1.8.0", "@opentelemetry/instrumentation": "^0.57.1", "@opentelemetry/semantic-conventions": "^1.27.0" }, "peerDependencies": { "@opentelemetry/api": "^1.3.0" } }, ""],

    "@opentelemetry/instrumentation-http": ["@opentelemetry/instrumentation-http@0.57.2", "", { "dependencies": { "@opentelemetry/core": "1.30.1", "@opentelemetry/instrumentation": "0.57.2", "@opentelemetry/semantic-conventions": "1.28.0", "forwarded-parse": "2.1.2", "semver": "^7.5.2" }, "peerDependencies": { "@opentelemetry/api": "^1.3.0" } }, ""],

    "@opentelemetry/instrumentation-ioredis": ["@opentelemetry/instrumentation-ioredis@0.47.1", "", { "dependencies": { "@opentelemetry/instrumentation": "^0.57.1", "@opentelemetry/redis-common": "^0.36.2", "@opentelemetry/semantic-conventions": "^1.27.0" }, "peerDependencies": { "@opentelemetry/api": "^1.3.0" } }, ""],

    "@opentelemetry/instrumentation-kafkajs": ["@opentelemetry/instrumentation-kafkajs@0.7.1", "", { "dependencies": { "@opentelemetry/instrumentation": "^0.57.1", "@opentelemetry/semantic-conventions": "^1.27.0" }, "peerDependencies": { "@opentelemetry/api": "^1.3.0" } }, ""],

    "@opentelemetry/instrumentation-knex": ["@opentelemetry/instrumentation-knex@0.44.1", "", { "dependencies": { "@opentelemetry/instrumentation": "^0.57.1", "@opentelemetry/semantic-conventions": "^1.27.0" }, "peerDependencies": { "@opentelemetry/api": "^1.3.0" } }, ""],

    "@opentelemetry/instrumentation-koa": ["@opentelemetry/instrumentation-koa@0.47.1", "", { "dependencies": { "@opentelemetry/core": "^1.8.0", "@opentelemetry/instrumentation": "^0.57.1", "@opentelemetry/semantic-conventions": "^1.27.0" }, "peerDependencies": { "@opentelemetry/api": "^1.3.0" } }, ""],

    "@opentelemetry/instrumentation-lru-memoizer": ["@opentelemetry/instrumentation-lru-memoizer@0.44.1", "", { "dependencies": { "@opentelemetry/instrumentation": "^0.57.1" }, "peerDependencies": { "@opentelemetry/api": "^1.3.0" } }, ""],

    "@opentelemetry/instrumentation-memcached": ["@opentelemetry/instrumentation-memcached@0.43.1", "", { "dependencies": { "@opentelemetry/instrumentation": "^0.57.1", "@opentelemetry/semantic-conventions": "^1.27.0", "@types/memcached": "^2.2.6" }, "peerDependencies": { "@opentelemetry/api": "^1.3.0" } }, ""],

    "@opentelemetry/instrumentation-mongodb": ["@opentelemetry/instrumentation-mongodb@0.52.0", "", { "dependencies": { "@opentelemetry/instrumentation": "^0.57.1", "@opentelemetry/semantic-conventions": "^1.27.0" }, "peerDependencies": { "@opentelemetry/api": "^1.3.0" } }, ""],

    "@opentelemetry/instrumentation-mongoose": ["@opentelemetry/instrumentation-mongoose@0.46.1", "", { "dependencies": { "@opentelemetry/core": "^1.8.0", "@opentelemetry/instrumentation": "^0.57.1", "@opentelemetry/semantic-conventions": "^1.27.0" }, "peerDependencies": { "@opentelemetry/api": "^1.3.0" } }, ""],

    "@opentelemetry/instrumentation-mysql": ["@opentelemetry/instrumentation-mysql@0.45.1", "", { "dependencies": { "@opentelemetry/instrumentation": "^0.57.1", "@opentelemetry/semantic-conventions": "^1.27.0", "@types/mysql": "2.15.26" }, "peerDependencies": { "@opentelemetry/api": "^1.3.0" } }, ""],

    "@opentelemetry/instrumentation-mysql2": ["@opentelemetry/instrumentation-mysql2@0.45.2", "", { "dependencies": { "@opentelemetry/instrumentation": "^0.57.1", "@opentelemetry/semantic-conventions": "^1.27.0", "@opentelemetry/sql-common": "^0.40.1" }, "peerDependencies": { "@opentelemetry/api": "^1.3.0" } }, ""],

    "@opentelemetry/instrumentation-nestjs-core": ["@opentelemetry/instrumentation-nestjs-core@0.44.1", "", { "dependencies": { "@opentelemetry/instrumentation": "^0.57.1", "@opentelemetry/semantic-conventions": "^1.27.0" }, "peerDependencies": { "@opentelemetry/api": "^1.3.0" } }, ""],

    "@opentelemetry/instrumentation-net": ["@opentelemetry/instrumentation-net@0.43.1", "", { "dependencies": { "@opentelemetry/instrumentation": "^0.57.1", "@opentelemetry/semantic-conventions": "^1.27.0" }, "peerDependencies": { "@opentelemetry/api": "^1.3.0" } }, ""],

    "@opentelemetry/instrumentation-pg": ["@opentelemetry/instrumentation-pg@0.51.1", "", { "dependencies": { "@opentelemetry/core": "^1.26.0", "@opentelemetry/instrumentation": "^0.57.1", "@opentelemetry/semantic-conventions": "^1.27.0", "@opentelemetry/sql-common": "^0.40.1", "@types/pg": "8.6.1", "@types/pg-pool": "2.0.6" }, "peerDependencies": { "@opentelemetry/api": "^1.3.0" } }, ""],

    "@opentelemetry/instrumentation-pino": ["@opentelemetry/instrumentation-pino@0.46.1", "", { "dependencies": { "@opentelemetry/api-logs": "^0.57.1", "@opentelemetry/core": "^1.25.0", "@opentelemetry/instrumentation": "^0.57.1" }, "peerDependencies": { "@opentelemetry/api": "^1.3.0" } }, ""],

    "@opentelemetry/instrumentation-redis": ["@opentelemetry/instrumentation-redis@0.46.1", "", { "dependencies": { "@opentelemetry/instrumentation": "^0.57.1", "@opentelemetry/redis-common": "^0.36.2", "@opentelemetry/semantic-conventions": "^1.27.0" }, "peerDependencies": { "@opentelemetry/api": "^1.3.0" } }, ""],

    "@opentelemetry/instrumentation-redis-4": ["@opentelemetry/instrumentation-redis-4@0.46.1", "", { "dependencies": { "@opentelemetry/instrumentation": "^0.57.1", "@opentelemetry/redis-common": "^0.36.2", "@opentelemetry/semantic-conventions": "^1.27.0" }, "peerDependencies": { "@opentelemetry/api": "^1.3.0" } }, ""],

    "@opentelemetry/instrumentation-restify": ["@opentelemetry/instrumentation-restify@0.45.1", "", { "dependencies": { "@opentelemetry/core": "^1.8.0", "@opentelemetry/instrumentation": "^0.57.1", "@opentelemetry/semantic-conventions": "^1.27.0" }, "peerDependencies": { "@opentelemetry/api": "^1.3.0" } }, ""],

    "@opentelemetry/instrumentation-router": ["@opentelemetry/instrumentation-router@0.44.1", "", { "dependencies": { "@opentelemetry/instrumentation": "^0.57.1", "@opentelemetry/semantic-conventions": "^1.27.0" }, "peerDependencies": { "@opentelemetry/api": "^1.3.0" } }, ""],

    "@opentelemetry/instrumentation-socket.io": ["@opentelemetry/instrumentation-socket.io@0.46.1", "", { "dependencies": { "@opentelemetry/instrumentation": "^0.57.1", "@opentelemetry/semantic-conventions": "^1.27.0" }, "peerDependencies": { "@opentelemetry/api": "^1.3.0" } }, ""],

    "@opentelemetry/instrumentation-tedious": ["@opentelemetry/instrumentation-tedious@0.18.1", "", { "dependencies": { "@opentelemetry/instrumentation": "^0.57.1", "@opentelemetry/semantic-conventions": "^1.27.0", "@types/tedious": "^4.0.14" }, "peerDependencies": { "@opentelemetry/api": "^1.3.0" } }, ""],

    "@opentelemetry/instrumentation-undici": ["@opentelemetry/instrumentation-undici@0.10.1", "", { "dependencies": { "@opentelemetry/core": "^1.8.0", "@opentelemetry/instrumentation": "^0.57.1" }, "peerDependencies": { "@opentelemetry/api": "^1.7.0" } }, ""],

    "@opentelemetry/instrumentation-winston": ["@opentelemetry/instrumentation-winston@0.44.1", "", { "dependencies": { "@opentelemetry/api-logs": "^0.57.1", "@opentelemetry/instrumentation": "^0.57.1" }, "peerDependencies": { "@opentelemetry/api": "^1.3.0" } }, ""],

    "@opentelemetry/otlp-exporter-base": ["@opentelemetry/otlp-exporter-base@0.57.2", "", { "dependencies": { "@opentelemetry/core": "1.30.1", "@opentelemetry/otlp-transformer": "0.57.2" }, "peerDependencies": { "@opentelemetry/api": "^1.3.0" } }, ""],

    "@opentelemetry/otlp-grpc-exporter-base": ["@opentelemetry/otlp-grpc-exporter-base@0.57.2", "", { "dependencies": { "@grpc/grpc-js": "^1.7.1", "@opentelemetry/core": "1.30.1", "@opentelemetry/otlp-exporter-base": "0.57.2", "@opentelemetry/otlp-transformer": "0.57.2" }, "peerDependencies": { "@opentelemetry/api": "^1.3.0" } }, ""],

    "@opentelemetry/otlp-transformer": ["@opentelemetry/otlp-transformer@0.57.2", "", { "dependencies": { "@opentelemetry/api-logs": "0.57.2", "@opentelemetry/core": "1.30.1", "@opentelemetry/resources": "1.30.1", "@opentelemetry/sdk-logs": "0.57.2", "@opentelemetry/sdk-metrics": "1.30.1", "@opentelemetry/sdk-trace-base": "1.30.1", "protobufjs": "^7.3.0" }, "peerDependencies": { "@opentelemetry/api": "^1.3.0" } }, ""],

    "@opentelemetry/propagation-utils": ["@opentelemetry/propagation-utils@0.30.16", "", { "peerDependencies": { "@opentelemetry/api": "^1.0.0" } }, ""],

    "@opentelemetry/propagator-b3": ["@opentelemetry/propagator-b3@1.30.1", "", { "dependencies": { "@opentelemetry/core": "1.30.1" }, "peerDependencies": { "@opentelemetry/api": ">=1.0.0 <1.10.0" } }, ""],

    "@opentelemetry/propagator-jaeger": ["@opentelemetry/propagator-jaeger@1.30.1", "", { "dependencies": { "@opentelemetry/core": "1.30.1" }, "peerDependencies": { "@opentelemetry/api": ">=1.0.0 <1.10.0" } }, ""],

    "@opentelemetry/redis-common": ["@opentelemetry/redis-common@0.36.2", "", {}, ""],

    "@opentelemetry/resource-detector-alibaba-cloud": ["@opentelemetry/resource-detector-alibaba-cloud@0.30.1", "", { "dependencies": { "@opentelemetry/core": "^1.26.0", "@opentelemetry/resources": "^1.10.0", "@opentelemetry/semantic-conventions": "^1.27.0" }, "peerDependencies": { "@opentelemetry/api": "^1.0.0" } }, ""],

    "@opentelemetry/resource-detector-aws": ["@opentelemetry/resource-detector-aws@1.12.0", "", { "dependencies": { "@opentelemetry/core": "^1.0.0", "@opentelemetry/resources": "^1.10.0", "@opentelemetry/semantic-conventions": "^1.27.0" }, "peerDependencies": { "@opentelemetry/api": "^1.0.0" } }, ""],

    "@opentelemetry/resource-detector-azure": ["@opentelemetry/resource-detector-azure@0.6.1", "", { "dependencies": { "@opentelemetry/core": "^1.25.1", "@opentelemetry/resources": "^1.10.1", "@opentelemetry/semantic-conventions": "^1.27.0" }, "peerDependencies": { "@opentelemetry/api": "^1.0.0" } }, ""],

    "@opentelemetry/resource-detector-container": ["@opentelemetry/resource-detector-container@0.6.1", "", { "dependencies": { "@opentelemetry/core": "^1.26.0", "@opentelemetry/resources": "^1.10.0", "@opentelemetry/semantic-conventions": "^1.27.0" }, "peerDependencies": { "@opentelemetry/api": "^1.0.0" } }, ""],

    "@opentelemetry/resource-detector-gcp": ["@opentelemetry/resource-detector-gcp@0.33.1", "", { "dependencies": { "@opentelemetry/core": "^1.0.0", "@opentelemetry/resources": "^1.10.0", "@opentelemetry/semantic-conventions": "^1.27.0", "gcp-metadata": "^6.0.0" }, "peerDependencies": { "@opentelemetry/api": "^1.0.0" } }, ""],

    "@opentelemetry/resources": ["@opentelemetry/resources@1.30.1", "", { "dependencies": { "@opentelemetry/core": "1.30.1", "@opentelemetry/semantic-conventions": "1.28.0" }, "peerDependencies": { "@opentelemetry/api": ">=1.0.0 <1.10.0" } }, ""],

    "@opentelemetry/sdk-logs": ["@opentelemetry/sdk-logs@0.57.2", "", { "dependencies": { "@opentelemetry/api-logs": "0.57.2", "@opentelemetry/core": "1.30.1", "@opentelemetry/resources": "1.30.1" }, "peerDependencies": { "@opentelemetry/api": ">=1.4.0 <1.10.0" } }, ""],

    "@opentelemetry/sdk-metrics": ["@opentelemetry/sdk-metrics@1.30.1", "", { "dependencies": { "@opentelemetry/core": "1.30.1", "@opentelemetry/resources": "1.30.1" }, "peerDependencies": { "@opentelemetry/api": ">=1.3.0 <1.10.0" } }, ""],

    "@opentelemetry/sdk-node": ["@opentelemetry/sdk-node@0.57.2", "", { "dependencies": { "@opentelemetry/api-logs": "0.57.2", "@opentelemetry/core": "1.30.1", "@opentelemetry/exporter-logs-otlp-grpc": "0.57.2", "@opentelemetry/exporter-logs-otlp-http": "0.57.2", "@opentelemetry/exporter-logs-otlp-proto": "0.57.2", "@opentelemetry/exporter-metrics-otlp-grpc": "0.57.2", "@opentelemetry/exporter-metrics-otlp-http": "0.57.2", "@opentelemetry/exporter-metrics-otlp-proto": "0.57.2", "@opentelemetry/exporter-prometheus": "0.57.2", "@opentelemetry/exporter-trace-otlp-grpc": "0.57.2", "@opentelemetry/exporter-trace-otlp-http": "0.57.2", "@opentelemetry/exporter-trace-otlp-proto": "0.57.2", "@opentelemetry/exporter-zipkin": "1.30.1", "@opentelemetry/instrumentation": "0.57.2", "@opentelemetry/resources": "1.30.1", "@opentelemetry/sdk-logs": "0.57.2", "@opentelemetry/sdk-metrics": "1.30.1", "@opentelemetry/sdk-trace-base": "1.30.1", "@opentelemetry/sdk-trace-node": "1.30.1", "@opentelemetry/semantic-conventions": "1.28.0" }, "peerDependencies": { "@opentelemetry/api": ">=1.3.0 <1.10.0" } }, ""],

    "@opentelemetry/sdk-trace-base": ["@opentelemetry/sdk-trace-base@1.30.1", "", { "dependencies": { "@opentelemetry/core": "1.30.1", "@opentelemetry/resources": "1.30.1", "@opentelemetry/semantic-conventions": "1.28.0" }, "peerDependencies": { "@opentelemetry/api": ">=1.0.0 <1.10.0" } }, ""],

    "@opentelemetry/sdk-trace-node": ["@opentelemetry/sdk-trace-node@1.30.1", "", { "dependencies": { "@opentelemetry/context-async-hooks": "1.30.1", "@opentelemetry/core": "1.30.1", "@opentelemetry/propagator-b3": "1.30.1", "@opentelemetry/propagator-jaeger": "1.30.1", "@opentelemetry/sdk-trace-base": "1.30.1", "semver": "^7.5.2" }, "peerDependencies": { "@opentelemetry/api": ">=1.0.0 <1.10.0" } }, ""],

    "@opentelemetry/semantic-conventions": ["@opentelemetry/semantic-conventions@1.34.0", "", {}, ""],

    "@opentelemetry/sql-common": ["@opentelemetry/sql-common@0.40.1", "", { "dependencies": { "@opentelemetry/core": "^1.1.0" }, "peerDependencies": { "@opentelemetry/api": "^1.1.0" } }, ""],

    "@protobufjs/aspromise": ["@protobufjs/aspromise@1.1.2", "", {}, ""],

    "@protobufjs/base64": ["@protobufjs/base64@1.1.2", "", {}, ""],

    "@protobufjs/codegen": ["@protobufjs/codegen@2.0.4", "", {}, ""],

    "@protobufjs/eventemitter": ["@protobufjs/eventemitter@1.1.0", "", {}, ""],

    "@protobufjs/fetch": ["@protobufjs/fetch@1.1.0", "", { "dependencies": { "@protobufjs/aspromise": "^1.1.1", "@protobufjs/inquire": "^1.1.0" } }, ""],

    "@protobufjs/float": ["@protobufjs/float@1.0.2", "", {}, ""],

    "@protobufjs/inquire": ["@protobufjs/inquire@1.1.0", "", {}, ""],

    "@protobufjs/path": ["@protobufjs/path@1.1.2", "", {}, ""],

    "@protobufjs/pool": ["@protobufjs/pool@1.1.0", "", {}, ""],

    "@protobufjs/utf8": ["@protobufjs/utf8@1.1.0", "", {}, ""],

    "@selderee/plugin-htmlparser2": ["@selderee/plugin-htmlparser2@0.11.0", "", { "dependencies": { "domhandler": "^5.0.3", "selderee": "^0.11.0" } }, ""],

    "@types/aws-lambda": ["@types/aws-lambda@8.10.147", "", {}, ""],

    "@types/bun": ["@types/bun@1.2.15", "", { "dependencies": { "bun-types": "1.2.15" } }, ""],

    "@types/bunyan": ["@types/bunyan@1.8.11", "", { "dependencies": { "@types/node": "*" } }, ""],

    "@types/connect": ["@types/connect@3.4.38", "", { "dependencies": { "@types/node": "*" } }, ""],

    "@types/diff-match-patch": ["@types/diff-match-patch@1.0.36", "", {}, ""],

    "@types/memcached": ["@types/memcached@2.2.10", "", { "dependencies": { "@types/node": "*" } }, ""],

    "@types/mysql": ["@types/mysql@2.15.26", "", { "dependencies": { "@types/node": "*" } }, ""],

    "@types/node": ["@types/node@22.15.26", "", { "dependencies": { "undici-types": "~6.21.0" } }, ""],

    "@types/pg": ["@types/pg@8.6.1", "", { "dependencies": { "@types/node": "*", "pg-protocol": "*", "pg-types": "^2.2.0" } }, ""],

    "@types/pg-pool": ["@types/pg-pool@2.0.6", "", { "dependencies": { "@types/pg": "*" } }, ""],

    "@types/shimmer": ["@types/shimmer@1.2.0", "", {}, ""],

    "@types/tedious": ["@types/tedious@4.0.14", "", { "dependencies": { "@types/node": "*" } }, ""],

    "acorn": ["acorn@8.14.1", "", { "bin": "bin/acorn" }, ""],

    "acorn-import-attributes": ["acorn-import-attributes@1.9.5", "", { "peerDependencies": { "acorn": "^8" } }, ""],

    "agent-base": ["agent-base@7.1.3", "", {}, ""],

    "ai": ["ai@4.3.16", "", { "dependencies": { "@ai-sdk/provider": "1.1.3", "@ai-sdk/provider-utils": "2.2.8", "@ai-sdk/react": "1.2.12", "@ai-sdk/ui-utils": "1.2.11", "@opentelemetry/api": "1.9.0", "jsondiffpatch": "0.6.0" }, "peerDependencies": { "react": "^18 || ^19 || ^19.0.0-rc", "zod": "^3.23.8" } }, ""],

    "ansi-regex": ["ansi-regex@5.0.1", "", {}, ""],

    "ansi-styles": ["ansi-styles@4.3.0", "", { "dependencies": { "color-convert": "^2.0.1" } }, ""],

    "argparse": ["argparse@2.0.1", "", {}, ""],

    "bignumber.js": ["bignumber.js@9.3.0", "", {}, ""],

    "bun-types": ["bun-types@1.2.15", "", { "dependencies": { "@types/node": "*" } }, ""],

    "chalk": ["chalk@5.4.1", "", {}, ""],

    "cjs-module-lexer": ["cjs-module-lexer@1.4.3", "", {}, ""],

    "cliui": ["cliui@8.0.1", "", { "dependencies": { "string-width": "^4.2.0", "strip-ansi": "^6.0.1", "wrap-ansi": "^7.0.0" } }, ""],

    "color-convert": ["color-convert@2.0.1", "", { "dependencies": { "color-name": "~1.1.4" } }, ""],

    "color-name": ["color-name@1.1.4", "", {}, ""],

    "debug": ["debug@4.4.1", "", { "dependencies": { "ms": "^2.1.3" } }, ""],

    "deepmerge": ["deepmerge@4.3.1", "", {}, ""],

    "dequal": ["dequal@2.0.3", "", {}, ""],

    "diff-match-patch": ["diff-match-patch@1.0.5", "", {}, ""],

    "dom-serializer": ["dom-serializer@2.0.0", "", { "dependencies": { "domelementtype": "^2.3.0", "domhandler": "^5.0.2", "entities": "^4.2.0" } }, ""],

    "domelementtype": ["domelementtype@2.3.0", "", {}, ""],

    "domhandler": ["domhandler@5.0.3", "", { "dependencies": { "domelementtype": "^2.3.0" } }, ""],

    "domutils": ["domutils@3.2.2", "", { "dependencies": { "dom-serializer": "^2.0.0", "domelementtype": "^2.3.0", "domhandler": "^5.0.3" } }, ""],

    "emoji-regex": ["emoji-regex@8.0.0", "", {}, ""],

    "encoding-japanese": ["encoding-japanese@2.2.0", "", {}, ""],

    "entities": ["entities@4.5.0", "", {}, ""],

    "escalade": ["escalade@3.2.0", "", {}, ""],

    "extend": ["extend@3.0.2", "", {}, ""],

    "forwarded-parse": ["forwarded-parse@2.1.2", "", {}, ""],

    "function-bind": ["function-bind@1.1.2", "", {}, ""],

    "gaxios": ["gaxios@6.7.1", "", { "dependencies": { "extend": "^3.0.2", "https-proxy-agent": "^7.0.1", "is-stream": "^2.0.0", "node-fetch": "^2.6.9", "uuid": "^9.0.1" } }, ""],

    "gcp-metadata": ["gcp-metadata@6.1.1", "", { "dependencies": { "gaxios": "^6.1.1", "google-logging-utils": "^0.0.2", "json-bigint": "^1.0.0" } }, ""],

    "get-caller-file": ["get-caller-file@2.0.5", "", {}, ""],

    "google-logging-utils": ["google-logging-utils@0.0.2", "", {}, ""],

    "hasown": ["hasown@2.0.2", "", { "dependencies": { "function-bind": "^1.1.2" } }, ""],

    "he": ["he@1.2.0", "", { "bin": "bin/he" }, ""],

    "html-to-text": ["html-to-text@9.0.5", "", { "dependencies": { "@selderee/plugin-htmlparser2": "^0.11.0", "deepmerge": "^4.3.1", "dom-serializer": "^2.0.0", "htmlparser2": "^8.0.2", "selderee": "^0.11.0" } }, ""],

    "htmlparser2": ["htmlparser2@8.0.2", "", { "dependencies": { "domelementtype": "^2.3.0", "domhandler": "^5.0.3", "domutils": "^3.0.1", "entities": "^4.4.0" } }, ""],

    "https-proxy-agent": ["https-proxy-agent@7.0.6", "", { "dependencies": { "agent-base": "^7.1.2", "debug": "4" } }, ""],

    "iconv-lite": ["iconv-lite@0.6.3", "", { "dependencies": { "safer-buffer": ">= 2.1.2 < 3.0.0" } }, ""],

    "import-in-the-middle": ["import-in-the-middle@1.14.0", "", { "dependencies": { "acorn": "^8.14.0", "acorn-import-attributes": "^1.9.5", "cjs-module-lexer": "^1.2.2", "module-details-from-path": "^1.0.3" } }, ""],

    "is-core-module": ["is-core-module@2.16.1", "", { "dependencies": { "hasown": "^2.0.2" } }, ""],

    "is-fullwidth-code-point": ["is-fullwidth-code-point@3.0.0", "", {}, ""],

    "is-stream": ["is-stream@2.0.1", "", {}, ""],

    "js-yaml": ["js-yaml@4.1.0", "", { "dependencies": { "argparse": "^2.0.1" }, "bin": "bin/js-yaml.js" }, ""],

    "json-bigint": ["json-bigint@1.0.0", "", { "dependencies": { "bignumber.js": "^9.0.0" } }, ""],

    "json-schema": ["json-schema@0.4.0", "", {}, ""],

    "jsondiffpatch": ["jsondiffpatch@0.6.0", "", { "dependencies": { "@types/diff-match-patch": "^1.0.36", "chalk": "^5.3.0", "diff-match-patch": "^1.0.5" }, "bin": "bin/jsondiffpatch.js" }, ""],

    "leac": ["leac@0.6.0", "", {}, ""],

    "libbase64": ["libbase64@1.3.0", "", {}, ""],

    "libmime": ["libmime@5.3.6", "", { "dependencies": { "encoding-japanese": "2.2.0", "iconv-lite": "0.6.3", "libbase64": "1.3.0", "libqp": "2.1.1" } }, ""],

    "libqp": ["libqp@2.1.1", "", {}, ""],

    "linkify-it": ["linkify-it@5.0.0", "", { "dependencies": { "uc.micro": "^2.0.0" } }, ""],

    "lodash.camelcase": ["lodash.camelcase@4.3.0", "", {}, ""],

    "long": ["long@5.3.2", "", {}, ""],

    "mailparser": ["mailparser@3.7.3", "", { "dependencies": { "encoding-japanese": "2.2.0", "he": "1.2.0", "html-to-text": "9.0.5", "iconv-lite": "0.6.3", "libmime": "5.3.6", "linkify-it": "5.0.0", "mailsplit": "5.4.3", "nodemailer": "7.0.3", "punycode.js": "2.3.1", "tlds": "1.259.0" } }, ""],

    "mailsplit": ["mailsplit@5.4.3", "", { "dependencies": { "libbase64": "1.3.0", "libmime": "5.3.6", "libqp": "2.1.1" } }, ""],

    "module-details-from-path": ["module-details-from-path@1.0.4", "", {}, ""],

    "ms": ["ms@2.1.3", "", {}, ""],

    "nanoid": ["nanoid@3.3.11", "", { "bin": "bin/nanoid.cjs" }, ""],

    "node-fetch": ["node-fetch@2.7.0", "", { "dependencies": { "whatwg-url": "^5.0.0" }, "peerDependencies": { "encoding": "^0.1.0" }, "optionalPeers": ["encoding"] }, ""],

    "nodemailer": ["nodemailer@7.0.3", "", {}, ""],

    "parseley": ["parseley@0.12.1", "", { "dependencies": { "leac": "^0.6.0", "peberminta": "^0.9.0" } }, ""],

    "path-parse": ["path-parse@1.0.7", "", {}, ""],

    "peberminta": ["peberminta@0.9.0", "", {}, ""],

    "pg-int8": ["pg-int8@1.0.1", "", {}, ""],

    "pg-protocol": ["pg-protocol@1.10.0", "", {}, ""],

    "pg-types": ["pg-types@2.2.0", "", { "dependencies": { "pg-int8": "1.0.1", "postgres-array": "~2.0.0", "postgres-bytea": "~1.0.0", "postgres-date": "~1.0.4", "postgres-interval": "^1.1.0" } }, ""],

    "postgres-array": ["postgres-array@2.0.0", "", {}, ""],

    "postgres-bytea": ["postgres-bytea@1.0.0", "", {}, ""],

    "postgres-date": ["postgres-date@1.0.7", "", {}, ""],

    "postgres-interval": ["postgres-interval@1.2.0", "", { "dependencies": { "xtend": "^4.0.0" } }, ""],

    "protobufjs": ["protobufjs@7.5.3", "", { "dependencies": { "@protobufjs/aspromise": "^1.1.2", "@protobufjs/base64": "^1.1.2", "@protobufjs/codegen": "^2.0.4", "@protobufjs/eventemitter": "^1.1.0", "@protobufjs/fetch": "^1.1.0", "@protobufjs/float": "^1.0.2", "@protobufjs/inquire": "^1.1.0", "@protobufjs/path": "^1.1.2", "@protobufjs/pool": "^1.1.0", "@protobufjs/utf8": "^1.1.0", "@types/node": ">=13.7.0", "long": "^5.0.0" } }, ""],

    "punycode.js": ["punycode.js@2.3.1", "", {}, ""],

    "react": ["react@19.1.0", "", {}, ""],

    "require-directory": ["require-directory@2.1.1", "", {}, ""],

    "require-in-the-middle": ["require-in-the-middle@7.5.2", "", { "dependencies": { "debug": "^4.3.5", "module-details-from-path": "^1.0.3", "resolve": "^1.22.8" } }, ""],

    "resolve": ["resolve@1.22.10", "", { "dependencies": { "is-core-module": "^2.16.0", "path-parse": "^1.0.7", "supports-preserve-symlinks-flag": "^1.0.0" }, "bin": "bin/resolve" }, ""],

    "safer-buffer": ["safer-buffer@2.1.2", "", {}, ""],

    "secure-json-parse": ["secure-json-parse@2.7.0", "", {}, ""],

    "selderee": ["selderee@0.11.0", "", { "dependencies": { "parseley": "^0.12.0" } }, ""],

    "semver": ["semver@7.7.2", "", { "bin": "bin/semver.js" }, ""],

    "shimmer": ["shimmer@1.2.1", "", {}, ""],

    "string-width": ["string-width@4.2.3", "", { "dependencies": { "emoji-regex": "^8.0.0", "is-fullwidth-code-point": "^3.0.0", "strip-ansi": "^6.0.1" } }, ""],

    "strip-ansi": ["strip-ansi@6.0.1", "", { "dependencies": { "ansi-regex": "^5.0.1" } }, ""],

    "supports-preserve-symlinks-flag": ["supports-preserve-symlinks-flag@1.0.0", "", {}, ""],

    "swr": ["swr@2.3.3", "", { "dependencies": { "dequal": "^2.0.3", "use-sync-external-store": "^1.4.0" }, "peerDependencies": { "react": "^16.11.0 || ^17.0.0 || ^18.0.0 || ^19.0.0" } }, ""],

    "systeminformation": ["systeminformation@5.23.8", "", { "os": "!aix", "bin": "lib/cli.js" }, ""],

    "throttleit": ["throttleit@2.1.0", "", {}, ""],

    "tlds": ["tlds@1.259.0", "", { "bin": "bin.js" }, ""],

    "tr46": ["tr46@0.0.3", "", {}, ""],

    "typescript": ["typescript@5.8.3", "", { "bin": { "tsc": "bin/tsc", "tsserver": "bin/tsserver" } }, ""],

    "uc.micro": ["uc.micro@2.1.0", "", {}, ""],

    "undici-types": ["undici-types@6.21.0", "", {}, ""],

    "use-sync-external-store": ["use-sync-external-store@1.5.0", "", { "peerDependencies": { "react": "^16.8.0 || ^17.0.0 || ^18.0.0 || ^19.0.0" } }, ""],

    "uuid": ["uuid@9.0.1", "", { "bin": "dist/bin/uuid" }, ""],

    "webidl-conversions": ["webidl-conversions@3.0.1", "", {}, ""],

    "whatwg-url": ["whatwg-url@5.0.0", "", { "dependencies": { "tr46": "~0.0.3", "webidl-conversions": "^3.0.0" } }, ""],

    "wrap-ansi": ["wrap-ansi@7.0.0", "", { "dependencies": { "ansi-styles": "^4.0.0", "string-width": "^4.1.0", "strip-ansi": "^6.0.0" } }, ""],

    "xtend": ["xtend@4.0.2", "", {}, ""],

    "y18n": ["y18n@5.0.8", "", {}, ""],

    "yargs": ["yargs@17.7.2", "", { "dependencies": { "cliui": "^8.0.1", "escalade": "^3.1.1", "get-caller-file": "^2.0.5", "require-directory": "^2.1.1", "string-width": "^4.2.3", "y18n": "^5.0.5", "yargs-parser": "^21.1.1" } }, ""],

    "yargs-parser": ["yargs-parser@21.1.1", "", {}, ""],

    "zod": ["zod@3.25.39", "", {}, ""],

    "zod-to-json-schema": ["zod-to-json-schema@3.24.5", "", { "peerDependencies": { "zod": "^3.24.1" } }, ""],

    "@opentelemetry/core/@opentelemetry/semantic-conventions": ["@opentelemetry/semantic-conventions@1.28.0", "", {}, ""],

    "@opentelemetry/exporter-zipkin/@opentelemetry/semantic-conventions": ["@opentelemetry/semantic-conventions@1.28.0", "", {}, ""],

    "@opentelemetry/instrumentation-grpc/@opentelemetry/semantic-conventions": ["@opentelemetry/semantic-conventions@1.28.0", "", {}, ""],

    "@opentelemetry/instrumentation-http/@opentelemetry/semantic-conventions": ["@opentelemetry/semantic-conventions@1.28.0", "", {}, ""],

    "@opentelemetry/resources/@opentelemetry/semantic-conventions": ["@opentelemetry/semantic-conventions@1.28.0", "", {}, ""],

    "@opentelemetry/sdk-node/@opentelemetry/semantic-conventions": ["@opentelemetry/semantic-conventions@1.28.0", "", {}, ""],

    "@opentelemetry/sdk-trace-base/@opentelemetry/semantic-conventions": ["@opentelemetry/semantic-conventions@1.28.0", "", {}, ""],
  }
}
